
Microsoft Visual Studio Solution File, Format Version 12.00
# Visual Studio Version 17
VisualStudioVersion = 17.11.35327.3
MinimumVisualStudioVersion = 10.0.40219.1
Project("{FAE04EC0-301F-11D3-BF4B-00C04F79EFBC}") = "VisualProgrammingProject", "VisualProgrammingProject\VisualProgrammingProject.csproj", "{0049FC9C-6522-43D7-819B-6EA1DFBC9F65}"
EndProject
Global
	GlobalSection(SolutionConfigurationPlatforms) = preSolution
		Debug|Any CPU = Debug|Any CPU
		Release|Any CPU = Release|Any CPU
	EndGlobalSection
	GlobalSection(ProjectConfigurationPlatforms) = postSolution
		{0049FC9C-6522-43D7-819B-6EA1DFBC9F65}.Debug|Any CPU.ActiveCfg = Debug|Any CPU
		{0049FC9C-6522-43D7-819B-6EA1DFBC9F65}.Debug|Any CPU.Build.0 = Debug|Any CPU
		{0049FC9C-6522-43D7-819B-6EA1DFBC9F65}.Debug|Any CPU.Deploy.0 = Debug|Any CPU
		{0049FC9C-6522-43D7-819B-6EA1DFBC9F65}.Release|Any CPU.ActiveCfg = Release|Any CPU
		{0049FC9C-6522-43D7-819B-6EA1DFBC9F65}.Release|Any CPU.Build.0 = Release|Any CPU
		{0049FC9C-6522-43D7-819B-6EA1DFBC9F65}.Release|Any CPU.Deploy.0 = Release|Any CPU
	EndGlobalSection
	GlobalSection(SolutionProperties) = preSolution
		HideSolutionNode = FALSE
	EndGlobalSection
	GlobalSection(ExtensibilityGlobals) = postSolution
		SolutionGuid = {7FF32D6B-3E63-465D-8FCB-B015EA9FE983}
	EndGlobalSection
EndGlobal
